
Microsoft Visual Studio Solution File, Format Version 12.00
# Visual Studio Version 17
VisualStudioVersion = 17.9.34728.123
MinimumVisualStudioVersion = 10.0.40219.1
Project("{FAE04EC0-301F-11D3-BF4B-00C04F79EFBC}") = "PlatformUserApi", "PlatformUserApi.csproj", "{0015F066-0EDC-46EB-B687-C71BB1FF977E}"
EndProject
Global
	GlobalSection(SolutionConfigurationPlatforms) = preSolution
		Debug|Any CPU = Debug|Any CPU
		Release|Any CPU = Release|Any CPU
	EndGlobalSection
	GlobalSection(ProjectConfigurationPlatforms) = postSolution
		{0015F066-0EDC-46EB-B687-C71BB1FF977E}.Debug|Any CPU.ActiveCfg = Debug|Any CPU
		{0015F066-0EDC-46EB-B687-C71BB1FF977E}.Debug|Any CPU.Build.0 = Debug|Any CPU
		{0015F066-0EDC-46EB-B687-C71BB1FF977E}.Release|Any CPU.ActiveCfg = Release|Any CPU
		{0015F066-0EDC-46EB-B687-C71BB1FF977E}.Release|Any CPU.Build.0 = Release|Any CPU
	EndGlobalSection
	GlobalSection(SolutionProperties) = preSolution
		HideSolutionNode = FALSE
	EndGlobalSection
	GlobalSection(ExtensibilityGlobals) = postSolution
		SolutionGuid = {410F2C79-4B33-4629-B370-A799C2B64674}
	EndGlobalSection
EndGlobal
